{
  "name": "backend",
  "version": "1.0.0",
  "lockfileVersion": 3,
  "requires": true,
  "packages": {
    "": {
      "dependencies": {
        "zync": "file:.."
      }
    },
    "..": {
      "name": "zync",
      "version": "1.0.0",
      "license": "ISC"
    },
    "node_modules/zync": {
      "resolved": "..",
      "link": true
    }
  }
}
